{
  "nodes": {
    "flake-utils": {
      "inputs": {
        "systems": "systems"
      },
      "locked": {
        "lastModified": 1731533236,
        "narHash": "sha256-l0KFg5HjrsfsO/JpG+r7fRrqm12kzFHyUHqHCVpMMbI=",
        "owner": "numtide",
        "repo": "flake-utils",
        "rev": "11707dc2f618dd54ca8739b309ec4fc024de578b",
        "type": "github"
      },
      "original": {
        "owner": "numtide",
        "repo": "flake-utils",
        "type": "github"
      }
    },
    "flake-utils_2": {
      "inputs": {
        "systems": "systems_2"
      },
      "locked": {
        "lastModified": 1731533236,
        "narHash": "sha256-l0KFg5HjrsfsO/JpG+r7fRrqm12kzFHyUHqHCVpMMbI=",
        "owner": "numtide",
        "repo": "flake-utils",
        "rev": "11707dc2f618dd54ca8739b309ec4fc024de578b",
        "type": "github"
      },
      "original": {
        "owner": "numtide",
        "repo": "flake-utils",
        "type": "github"
      }
    },
    "imgui": {
      "flake": false,
      "locked": {
        "lastModified": 1775325865,
        "narHash": "sha256-poj1ofNzZo+KvQyNt27f33SBnj5vvjfvWe5EpKOtOcQ=",
        "owner": "Green-Sky",
        "repo": "imgui",
        "rev": "0271607fb36fcc3cba9614e326118dbad71ac666",
        "type": "github"
      },
      "original": {
        "owner": "Green-Sky",
        "repo": "imgui",
        "rev": "0271607fb36fcc3cba9614e326118dbad71ac666",
        "type": "github"
      }
    },
    "implot": {
      "flake": false,
      "locked": {
        "lastModified": 1742406940,
        "narHash": "sha256-T3lc5xTuUcKBq/p0iJgxRBgstKrSZ2AdXcRXYPQe8G0=",
        "owner": "epezent",
        "repo": "implot",
        "rev": "3da8bd34299965d3b0ab124df743fe3e076fa222",
        "type": "github"
      },
      "original": {
        "owner": "epezent",
        "repo": "implot",
        "rev": "3da8bd34299965d3b0ab124df743fe3e076fa222",
        "type": "github"
      }
    },
    "nix2flatpak": {
      "inputs": {
        "flake-utils": "flake-utils_2",
        "nixpkgs": "nixpkgs"
      },
      "locked": {
        "lastModified": 1774860670,
        "narHash": "sha256-YjJkQrvxrErXtfDi3obUn6rNmkA+CIAZ3f5NgL5xuYE=",
        "owner": "neobrain",
        "repo": "nix2flatpak",
        "rev": "61d68e21e3fbc2d57590051f48736bea271f4aba",
        "type": "github"
      },
      "original": {
        "owner": "neobrain",
        "repo": "nix2flatpak",
        "type": "github"
      }
    },
    "nixpkgs": {
      "locked": {
        "lastModified": 1773389992,
        "narHash": "sha256-wvfdLLWJ2I9oEpDd9PfMA8osfIZicoQ5MT1jIwNs9Tk=",
        "owner": "NixOS",
        "repo": "nixpkgs",
        "rev": "c06b4ae3d6599a672a6210b7021d699c351eebda",
        "type": "github"
      },
      "original": {
        "owner": "NixOS",
        "ref": "nixos-unstable",
        "repo": "nixpkgs",
        "type": "github"
      }
    },
    "nixpkgs_2": {
      "locked": {
        "lastModified": 1778220862,
        "narHash": "sha256-BEhqkqUpxjMi3TVaTjA52KgxH7KEqC5hei6CgUR3K/8=",
        "owner": "NixOS",
        "repo": "nixpkgs",
        "rev": "81cd4aabdfc57dfc7ea2ea42c9f504d656d5a558",
        "type": "github"
      },
      "original": {
        "owner": "NixOS",
        "ref": "release-25.11",
        "repo": "nixpkgs",
        "type": "github"
      }
    },
    "nlohmann-json": {
      "flake": false,
      "locked": {
        "lastModified": 1701207391,
        "narHash": "sha256-7F0Jon+1oWL7uqet5i1IgHX0fUw/+z0QwEcA3zs5xHg=",
        "owner": "nlohmann",
        "repo": "json",
        "rev": "9cca280a4d0ccf0c08f47a99aa71d1b0e52f8d03",
        "type": "github"
      },
      "original": {
        "owner": "nlohmann",
        "ref": "v3.11.3",
        "repo": "json",
        "type": "github"
      }
    },
    "plutosvg": {
      "flake": false,
      "locked": {
        "lastModified": 1747321730,
        "narHash": "sha256-fEXW3mQlORVDan2+TcfbwMI+iJfCxK/xq2jkiva3d8E=",
        "ref": "refs/tags/v0.0.7",
        "rev": "31f7d2675416cd777c8e86220b035364873b2a8b",
        "revCount": 125,
        "submodules": true,
        "type": "git",
        "url": "https://github.com/sammycage/plutosvg"
      },
      "original": {
        "ref": "refs/tags/v0.0.7",
        "submodules": true,
        "type": "git",
        "url": "https://github.com/sammycage/plutosvg"
      }
    },
    "root": {
      "inputs": {
        "flake-utils": "flake-utils",
        "imgui": "imgui",
        "implot": "implot",
        "nix2flatpak": "nix2flatpak",
        "nixpkgs": "nixpkgs_2",
        "nlohmann-json": "nlohmann-json",
        "plutosvg": "plutosvg",
        "sdl3": "sdl3",
        "sdl3_image": "sdl3_image"
      }
    },
    "sdl3": {
      "flake": false,
      "locked": {
        "lastModified": 1780249121,
        "narHash": "sha256-6Dph2eLiJUmpQzPWe8EuY5LrWhrFwde2f2dwfgCcWNw=",
        "owner": "libsdl-org",
        "repo": "SDL",
        "rev": "8e37db5e797b6167f3a00d697d816a684bd259c7",
        "type": "github"
      },
      "original": {
        "owner": "libsdl-org",
        "repo": "SDL",
        "rev": "8e37db5e797b6167f3a00d697d816a684bd259c7",
        "type": "github"
      }
    },
    "sdl3_image": {
      "flake": false,
      "locked": {
        "lastModified": 1777664583,
        "narHash": "sha256-ttnoe9bTtA8+eUMOs55v58xb+cWpNEiiTDEeX9GBxaw=",
        "owner": "libsdl-org",
        "repo": "SDL_image",
        "rev": "bec9134a26c7d0f31b36d6083c25296e04cabff5",
        "type": "github"
      },
      "original": {
        "owner": "libsdl-org",
        "repo": "SDL_image",
        "rev": "bec9134a26c7d0f31b36d6083c25296e04cabff5",
        "type": "github"
      }
    },
    "systems": {
      "locked": {
        "lastModified": 1681028828,
        "narHash": "sha256-Vy1rq5AaRuLzOxct8nz4T6wlgyUR7zLU309k9mBC768=",
        "owner": "nix-systems",
        "repo": "default",
        "rev": "da67096a3b9bf56a91d16901293e51ba5b49a27e",
        "type": "github"
      },
      "original": {
        "owner": "nix-systems",
        "repo": "default",
        "type": "github"
      }
    },
    "systems_2": {
      "locked": {
        "lastModified": 1681028828,
        "narHash": "sha256-Vy1rq5AaRuLzOxct8nz4T6wlgyUR7zLU309k9mBC768=",
        "owner": "nix-systems",
        "repo": "default",
        "rev": "da67096a3b9bf56a91d16901293e51ba5b49a27e",
        "type": "github"
      },
      "original": {
        "owner": "nix-systems",
        "repo": "default",
        "type": "github"
      }
    }
  },
  "root": "root",
  "version": 7
}
