{
  "nodes": {
    "flake-utils": {
      "inputs": {
        "systems": "systems"
      },
      "locked": {
        "lastModified": 1710146030,
        "narHash": "sha256-SZ5L6eA7HJ/nmkzGG7/ISclqe6oZdOZTNoesiInkXPQ=",
        "owner": "numtide",
        "repo": "flake-utils",
        "rev": "b1d9ab70662946ef0850d488da1c9019f3a9752a",
        "type": "github"
      },
      "original": {
        "owner": "numtide",
        "repo": "flake-utils",
        "type": "github"
      }
    },
    "nixpkgs": {
      "locked": {
        "lastModified": 1720691131,
        "narHash": "sha256-CWT+KN8aTPyMIx8P303gsVxUnkinIz0a/Cmasz1jyIM=",
        "owner": "NixOS",
        "repo": "nixpkgs",
        "rev": "a046c1202e11b62cbede5385ba64908feb7bfac4",
        "type": "github"
      },
      "original": {
        "owner": "NixOS",
        "ref": "release-24.05",
        "repo": "nixpkgs",
        "type": "github"
      }
    },
    "nlohmann-json": {
      "flake": false,
      "locked": {
        "lastModified": 1701207391,
        "narHash": "sha256-7F0Jon+1oWL7uqet5i1IgHX0fUw/+z0QwEcA3zs5xHg=",
        "owner": "nlohmann",
        "repo": "json",
        "rev": "9cca280a4d0ccf0c08f47a99aa71d1b0e52f8d03",
        "type": "github"
      },
      "original": {
        "owner": "nlohmann",
        "ref": "v3.11.3",
        "repo": "json",
        "type": "github"
      }
    },
    "root": {
      "inputs": {
        "flake-utils": "flake-utils",
        "nixpkgs": "nixpkgs",
        "nlohmann-json": "nlohmann-json",
        "sdl3": "sdl3",
        "sdl3_image": "sdl3_image"
      }
    },
    "sdl3": {
      "flake": false,
      "locked": {
        "lastModified": 1722282731,
        "narHash": "sha256-02y7JB23xAehjqBp6hj7ExNkD06XkFE8Odxnu0hYx8k=",
        "owner": "libsdl-org",
        "repo": "SDL",
        "rev": "67b973b5fad633b3be76d4daf4fd9fece292c25f",
        "type": "github"
      },
      "original": {
        "owner": "libsdl-org",
        "repo": "SDL",
        "rev": "67b973b5fad633b3be76d4daf4fd9fece292c25f",
        "type": "github"
      }
    },
    "sdl3_image": {
      "flake": false,
      "locked": {
        "lastModified": 1722000822,
        "narHash": "sha256-h2vyWcGdLPbg42M6bgJAzskXJfeq9UYTMHi1XdP/otk=",
        "owner": "libsdl-org",
        "repo": "SDL_image",
        "rev": "2a27018eda394a4e005cd8ba6bb3bfd0298809c7",
        "type": "github"
      },
      "original": {
        "owner": "libsdl-org",
        "repo": "SDL_image",
        "rev": "2a27018eda394a4e005cd8ba6bb3bfd0298809c7",
        "type": "github"
      }
    },
    "systems": {
      "locked": {
        "lastModified": 1681028828,
        "narHash": "sha256-Vy1rq5AaRuLzOxct8nz4T6wlgyUR7zLU309k9mBC768=",
        "owner": "nix-systems",
        "repo": "default",
        "rev": "da67096a3b9bf56a91d16901293e51ba5b49a27e",
        "type": "github"
      },
      "original": {
        "owner": "nix-systems",
        "repo": "default",
        "type": "github"
      }
    }
  },
  "root": "root",
  "version": 7
}
